
Microsoft Visual Studio Solution File, Format Version 12.00
# Visual Studio 15
Project("{FAE04EC0-301F-11D3-BF4B-00C04F79EFBC}") = "ExploreCalifornia", "ExploreCalifornia\ExploreCalifornia.csproj", "{CDCEF0F5-CA3C-4F88-8DA8-CD3DE8C09A4A}"
EndProject
Global
	GlobalSection(SolutionConfigurationPlatforms) = preSolution
		Debug|Any CPU = Debug|Any CPU
		Release|Any CPU = Release|Any CPU
	EndGlobalSection
	GlobalSection(ProjectConfigurationPlatforms) = postSolution
		{CDCEF0F5-CA3C-4F88-8DA8-CD3DE8C09A4A}.Debug|Any CPU.ActiveCfg = Debug|Any CPU
		{CDCEF0F5-CA3C-4F88-8DA8-CD3DE8C09A4A}.Debug|Any CPU.Build.0 = Debug|Any CPU
		{CDCEF0F5-CA3C-4F88-8DA8-CD3DE8C09A4A}.Release|Any CPU.ActiveCfg = Release|Any CPU
		{CDCEF0F5-CA3C-4F88-8DA8-CD3DE8C09A4A}.Release|Any CPU.Build.0 = Release|Any CPU
	EndGlobalSection
EndGlobal
